// !$*UTF8*$!
{
	archiveVersion = 1;
	classes = {
	};
	objectVersion = 55;
	objects = {

/* Begin PBXBuildFile section */
		6F88ED4328211EE80058EAD9 /* (null) in Sources */ = {isa = PBXBuildFile; };
		6F88ED47282165760058EAD9 /* GameBrain.swift in Sources */ = {isa = PBXBuildFile; fileRef = 6F88ED46282165760058EAD9 /* GameBrain.swift */; };
		A5101DF12821783500EDCB5F /* RuleTableViewCell.swift in Sources */ = {isa = PBXBuildFile; fileRef = A5101DF02821783500EDCB5F /* RuleTableViewCell.swift */; };
		A590534428243E1800B010AE /* CategoryTableViewCell.swift in Sources */ = {isa = PBXBuildFile; fileRef = A590534328243E1800B010AE /* CategoryTableViewCell.swift */; };
		AE4CB4077AF59CCD1906D4B8 /* Pods_Alias.framework in Frameworks */ = {isa = PBXBuildFile; fileRef = 9FB0B5093EB43E6BE58FC4D8 /* Pods_Alias.framework */; };
		BE73809F532376BC7496309B /* Pods_AliasTests.framework in Frameworks */ = {isa = PBXBuildFile; fileRef = 403CE3B167E85EE967ED65F0 /* Pods_AliasTests.framework */; };
		E378F4112823DF2D0067342A /* GameHeaderView.swift in Sources */ = {isa = PBXBuildFile; fileRef = E378F4102823DF2D0067342A /* GameHeaderView.swift */; };
		E378F4132823E8ED0067342A /* TimerView.swift in Sources */ = {isa = PBXBuildFile; fileRef = E378F4122823E8ED0067342A /* TimerView.swift */; };
		E378F415282402950067342A /* GameFooterView.swift in Sources */ = {isa = PBXBuildFile; fileRef = E378F414282402950067342A /* GameFooterView.swift */; };
		E378F41728245E920067342A /* InitialGameViewController.swift in Sources */ = {isa = PBXBuildFile; fileRef = E378F41628245E910067342A /* InitialGameViewController.swift */; };
		E3A05A1D2821C11600855DFD /* AliasTests.swift in Sources */ = {isa = PBXBuildFile; fileRef = E3A05A1C2821C11600855DFD /* AliasTests.swift */; };
		E3A05A272821C94800855DFD /* CategoriesData.swift in Sources */ = {isa = PBXBuildFile; fileRef = E3A05A262821C94800855DFD /* CategoriesData.swift */; };
		E3A05A292821D93C00855DFD /* ActionsData.swift in Sources */ = {isa = PBXBuildFile; fileRef = E3A05A282821D93C00855DFD /* ActionsData.swift */; };
		E3A05A2C2821DBA100855DFD /* Coordinator.swift in Sources */ = {isa = PBXBuildFile; fileRef = E3A05A2B2821DBA100855DFD /* Coordinator.swift */; };
		E3A05A312821DD2800855DFD /* MainCoordinator.swift in Sources */ = {isa = PBXBuildFile; fileRef = E3A05A302821DD2800855DFD /* MainCoordinator.swift */; };
		E3B4D2F3281EB29E0042AF06 /* AppDelegate.swift in Sources */ = {isa = PBXBuildFile; fileRef = E3B4D2F2281EB29E0042AF06 /* AppDelegate.swift */; };
		E3B4D2F5281EB29E0042AF06 /* SceneDelegate.swift in Sources */ = {isa = PBXBuildFile; fileRef = E3B4D2F4281EB29E0042AF06 /* SceneDelegate.swift */; };
		E3B4D2FC281EB2A10042AF06 /* Assets.xcassets in Resources */ = {isa = PBXBuildFile; fileRef = E3B4D2FB281EB2A10042AF06 /* Assets.xcassets */; };
		E3B4D2FF281EB2A10042AF06 /* LaunchScreen.storyboard in Resources */ = {isa = PBXBuildFile; fileRef = E3B4D2FD281EB2A10042AF06 /* LaunchScreen.storyboard */; };
		E3B4D308281EBB2A0042AF06 /* MenuViewController.swift in Sources */ = {isa = PBXBuildFile; fileRef = E3B4D307281EBB2A0042AF06 /* MenuViewController.swift */; };
		E3B4D30A281EBCC40042AF06 /* RulesViewController.swift in Sources */ = {isa = PBXBuildFile; fileRef = E3B4D309281EBCC40042AF06 /* RulesViewController.swift */; };
		E3B4D30C281EBCEE0042AF06 /* CategoriesViewController.swift in Sources */ = {isa = PBXBuildFile; fileRef = E3B4D30B281EBCEE0042AF06 /* CategoriesViewController.swift */; };
		E3B4D30E281EBD4A0042AF06 /* GameViewController.swift in Sources */ = {isa = PBXBuildFile; fileRef = E3B4D30D281EBD4A0042AF06 /* GameViewController.swift */; };
		E3B4D310281EBE190042AF06 /* JokeService.swift in Sources */ = {isa = PBXBuildFile; fileRef = E3B4D30F281EBE190042AF06 /* JokeService.swift */; };
		E3B4D313281EBEAE0042AF06 /* GameService.swift in Sources */ = {isa = PBXBuildFile; fileRef = E3B4D312281EBEAE0042AF06 /* GameService.swift */; };
		E3B4D338281F1AD80042AF06 /* Constants.swift in Sources */ = {isa = PBXBuildFile; fileRef = E3B4D337281F1AD80042AF06 /* Constants.swift */; };
		E3B4D33C281F229E0042AF06 /* TeamsViewController.swift in Sources */ = {isa = PBXBuildFile; fileRef = E3B4D33B281F229E0042AF06 /* TeamsViewController.swift */; };
		E3B4D33E281F22B40042AF06 /* GameSettingsViewController.swift in Sources */ = {isa = PBXBuildFile; fileRef = E3B4D33D281F22B40042AF06 /* GameSettingsViewController.swift */; };
		E3B4D340281F22CA0042AF06 /* NextRoundViewController.swift in Sources */ = {isa = PBXBuildFile; fileRef = E3B4D33F281F22CA0042AF06 /* NextRoundViewController.swift */; };
		E3B4D342281F23000042AF06 /* ResultsViewController.swift in Sources */ = {isa = PBXBuildFile; fileRef = E3B4D341281F23000042AF06 /* ResultsViewController.swift */; };
		E3B4D344281F23060042AF06 /* WinnerViewController.swift in Sources */ = {isa = PBXBuildFile; fileRef = E3B4D343281F23060042AF06 /* WinnerViewController.swift */; };
		E3B4D347281F332B0042AF06 /* NavigationController.swift in Sources */ = {isa = PBXBuildFile; fileRef = E3B4D346281F332B0042AF06 /* NavigationController.swift */; };
		E3B4D34E281F54050042AF06 /* ComponentsFactory.swift in Sources */ = {isa = PBXBuildFile; fileRef = E3B4D34D281F54050042AF06 /* ComponentsFactory.swift */; };
		E3FF9B86282303F6003FAA9E /* GameCoordinator.swift in Sources */ = {isa = PBXBuildFile; fileRef = E3FF9B85282303F6003FAA9E /* GameCoordinator.swift */; };
		E3FF9B89282304CF003FAA9E /* PreparationsCoordinator.swift in Sources */ = {isa = PBXBuildFile; fileRef = E3FF9B88282304CF003FAA9E /* PreparationsCoordinator.swift */; };
		E3FF9B8B28230572003FAA9E /* RulesCoordinator.swift in Sources */ = {isa = PBXBuildFile; fileRef = E3FF9B8A28230572003FAA9E /* RulesCoordinator.swift */; };
		E3FF9B932823235F003FAA9E /* VCProtocols.swift in Sources */ = {isa = PBXBuildFile; fileRef = E3FF9B922823235F003FAA9E /* VCProtocols.swift */; };
/* End PBXBuildFile section */

/* Begin PBXContainerItemProxy section */
		E3A05A1E2821C11600855DFD /* PBXContainerItemProxy */ = {
			isa = PBXContainerItemProxy;
			containerPortal = E3B4D2E7281EB29E0042AF06 /* Project object */;
			proxyType = 1;
			remoteGlobalIDString = E3B4D2EE281EB29E0042AF06;
			remoteInfo = Alias;
		};
/* End PBXContainerItemProxy section */

/* Begin PBXFileReference section */
		008110C5172B0102DB76738C /* Pods-Alias.release.xcconfig */ = {isa = PBXFileReference; includeInIndex = 1; lastKnownFileType = text.xcconfig; name = "Pods-Alias.release.xcconfig"; path = "Target Support Files/Pods-Alias/Pods-Alias.release.xcconfig"; sourceTree = "<group>"; };
		2D79AB5A4AA0750486168895 /* Pods-AliasTests.release.xcconfig */ = {isa = PBXFileReference; includeInIndex = 1; lastKnownFileType = text.xcconfig; name = "Pods-AliasTests.release.xcconfig"; path = "Target Support Files/Pods-AliasTests/Pods-AliasTests.release.xcconfig"; sourceTree = "<group>"; };
		330BFDDCC89CD11AB216AD7C /* Pods-AliasTests.debug.xcconfig */ = {isa = PBXFileReference; includeInIndex = 1; lastKnownFileType = text.xcconfig; name = "Pods-AliasTests.debug.xcconfig"; path = "Target Support Files/Pods-AliasTests/Pods-AliasTests.debug.xcconfig"; sourceTree = "<group>"; };
		403CE3B167E85EE967ED65F0 /* Pods_AliasTests.framework */ = {isa = PBXFileReference; explicitFileType = wrapper.framework; includeInIndex = 0; path = Pods_AliasTests.framework; sourceTree = BUILT_PRODUCTS_DIR; };
		6F88ED46282165760058EAD9 /* GameBrain.swift */ = {isa = PBXFileReference; lastKnownFileType = sourcecode.swift; path = GameBrain.swift; sourceTree = "<group>"; };
		9FB0B5093EB43E6BE58FC4D8 /* Pods_Alias.framework */ = {isa = PBXFileReference; explicitFileType = wrapper.framework; includeInIndex = 0; path = Pods_Alias.framework; sourceTree = BUILT_PRODUCTS_DIR; };
		A5101DF02821783500EDCB5F /* RuleTableViewCell.swift */ = {isa = PBXFileReference; lastKnownFileType = sourcecode.swift; path = RuleTableViewCell.swift; sourceTree = "<group>"; };
		A590534328243E1800B010AE /* CategoryTableViewCell.swift */ = {isa = PBXFileReference; lastKnownFileType = sourcecode.swift; path = CategoryTableViewCell.swift; sourceTree = "<group>"; };
		E378F4102823DF2D0067342A /* GameHeaderView.swift */ = {isa = PBXFileReference; lastKnownFileType = sourcecode.swift; path = GameHeaderView.swift; sourceTree = "<group>"; };
		E378F4122823E8ED0067342A /* TimerView.swift */ = {isa = PBXFileReference; lastKnownFileType = sourcecode.swift; path = TimerView.swift; sourceTree = "<group>"; };
		E378F414282402950067342A /* GameFooterView.swift */ = {isa = PBXFileReference; lastKnownFileType = sourcecode.swift; path = GameFooterView.swift; sourceTree = "<group>"; };
		E378F41628245E910067342A /* InitialGameViewController.swift */ = {isa = PBXFileReference; lastKnownFileType = sourcecode.swift; path = InitialGameViewController.swift; sourceTree = "<group>"; };
		E3A05A1A2821C11600855DFD /* AliasTests.xctest */ = {isa = PBXFileReference; explicitFileType = wrapper.cfbundle; includeInIndex = 0; path = AliasTests.xctest; sourceTree = BUILT_PRODUCTS_DIR; };
		E3A05A1C2821C11600855DFD /* AliasTests.swift */ = {isa = PBXFileReference; lastKnownFileType = sourcecode.swift; path = AliasTests.swift; sourceTree = "<group>"; };
		E3A05A262821C94800855DFD /* CategoriesData.swift */ = {isa = PBXFileReference; lastKnownFileType = sourcecode.swift; path = CategoriesData.swift; sourceTree = "<group>"; };
		E3A05A282821D93C00855DFD /* ActionsData.swift */ = {isa = PBXFileReference; lastKnownFileType = sourcecode.swift; path = ActionsData.swift; sourceTree = "<group>"; };
		E3A05A2B2821DBA100855DFD /* Coordinator.swift */ = {isa = PBXFileReference; lastKnownFileType = sourcecode.swift; path = Coordinator.swift; sourceTree = "<group>"; };
		E3A05A302821DD2800855DFD /* MainCoordinator.swift */ = {isa = PBXFileReference; lastKnownFileType = sourcecode.swift; path = MainCoordinator.swift; sourceTree = "<group>"; };
		E3B4D2EF281EB29E0042AF06 /* Alias.app */ = {isa = PBXFileReference; explicitFileType = wrapper.application; includeInIndex = 0; path = Alias.app; sourceTree = BUILT_PRODUCTS_DIR; };
		E3B4D2F2281EB29E0042AF06 /* AppDelegate.swift */ = {isa = PBXFileReference; lastKnownFileType = sourcecode.swift; path = AppDelegate.swift; sourceTree = "<group>"; };
		E3B4D2F4281EB29E0042AF06 /* SceneDelegate.swift */ = {isa = PBXFileReference; lastKnownFileType = sourcecode.swift; path = SceneDelegate.swift; sourceTree = "<group>"; };
		E3B4D2FB281EB2A10042AF06 /* Assets.xcassets */ = {isa = PBXFileReference; lastKnownFileType = folder.assetcatalog; path = Assets.xcassets; sourceTree = "<group>"; };
		E3B4D2FE281EB2A10042AF06 /* Base */ = {isa = PBXFileReference; lastKnownFileType = file.storyboard; name = Base; path = Base.lproj/LaunchScreen.storyboard; sourceTree = "<group>"; };
		E3B4D300281EB2A10042AF06 /* Info.plist */ = {isa = PBXFileReference; lastKnownFileType = text.plist.xml; path = Info.plist; sourceTree = "<group>"; };
		E3B4D307281EBB2A0042AF06 /* MenuViewController.swift */ = {isa = PBXFileReference; lastKnownFileType = sourcecode.swift; path = MenuViewController.swift; sourceTree = "<group>"; };
		E3B4D309281EBCC40042AF06 /* RulesViewController.swift */ = {isa = PBXFileReference; lastKnownFileType = sourcecode.swift; path = RulesViewController.swift; sourceTree = "<group>"; };
		E3B4D30B281EBCEE0042AF06 /* CategoriesViewController.swift */ = {isa = PBXFileReference; lastKnownFileType = sourcecode.swift; path = CategoriesViewController.swift; sourceTree = "<group>"; };
		E3B4D30D281EBD4A0042AF06 /* GameViewController.swift */ = {isa = PBXFileReference; lastKnownFileType = sourcecode.swift; path = GameViewController.swift; sourceTree = "<group>"; };
		E3B4D30F281EBE190042AF06 /* JokeService.swift */ = {isa = PBXFileReference; lastKnownFileType = sourcecode.swift; path = JokeService.swift; sourceTree = "<group>"; };
		E3B4D312281EBEAE0042AF06 /* GameService.swift */ = {isa = PBXFileReference; lastKnownFileType = sourcecode.swift; path = GameService.swift; sourceTree = "<group>"; };
		E3B4D337281F1AD80042AF06 /* Constants.swift */ = {isa = PBXFileReference; lastKnownFileType = sourcecode.swift; path = Constants.swift; sourceTree = "<group>"; };
		E3B4D33B281F229E0042AF06 /* TeamsViewController.swift */ = {isa = PBXFileReference; lastKnownFileType = sourcecode.swift; path = TeamsViewController.swift; sourceTree = "<group>"; };
		E3B4D33D281F22B40042AF06 /* GameSettingsViewController.swift */ = {isa = PBXFileReference; lastKnownFileType = sourcecode.swift; path = GameSettingsViewController.swift; sourceTree = "<group>"; };
		E3B4D33F281F22CA0042AF06 /* NextRoundViewController.swift */ = {isa = PBXFileReference; lastKnownFileType = sourcecode.swift; path = NextRoundViewController.swift; sourceTree = "<group>"; };
		E3B4D341281F23000042AF06 /* ResultsViewController.swift */ = {isa = PBXFileReference; lastKnownFileType = sourcecode.swift; path = ResultsViewController.swift; sourceTree = "<group>"; };
		E3B4D343281F23060042AF06 /* WinnerViewController.swift */ = {isa = PBXFileReference; lastKnownFileType = sourcecode.swift; path = WinnerViewController.swift; sourceTree = "<group>"; };
		E3B4D346281F332B0042AF06 /* NavigationController.swift */ = {isa = PBXFileReference; lastKnownFileType = sourcecode.swift; path = NavigationController.swift; sourceTree = "<group>"; };
		E3B4D34D281F54050042AF06 /* ComponentsFactory.swift */ = {isa = PBXFileReference; lastKnownFileType = sourcecode.swift; path = ComponentsFactory.swift; sourceTree = "<group>"; };
		E3FF9B85282303F6003FAA9E /* GameCoordinator.swift */ = {isa = PBXFileReference; lastKnownFileType = sourcecode.swift; path = GameCoordinator.swift; sourceTree = "<group>"; };
		E3FF9B88282304CF003FAA9E /* PreparationsCoordinator.swift */ = {isa = PBXFileReference; lastKnownFileType = sourcecode.swift; path = PreparationsCoordinator.swift; sourceTree = "<group>"; };
		E3FF9B8A28230572003FAA9E /* RulesCoordinator.swift */ = {isa = PBXFileReference; lastKnownFileType = sourcecode.swift; path = RulesCoordinator.swift; sourceTree = "<group>"; };
		E3FF9B922823235F003FAA9E /* VCProtocols.swift */ = {isa = PBXFileReference; lastKnownFileType = sourcecode.swift; path = VCProtocols.swift; sourceTree = "<group>"; };
		FE6FE7864ECC7F376416CF6A /* Pods-Alias.debug.xcconfig */ = {isa = PBXFileReference; includeInIndex = 1; lastKnownFileType = text.xcconfig; name = "Pods-Alias.debug.xcconfig"; path = "Target Support Files/Pods-Alias/Pods-Alias.debug.xcconfig"; sourceTree = "<group>"; };
/* End PBXFileReference section */

/* Begin PBXFrameworksBuildPhase section */
		E3A05A172821C11600855DFD /* Frameworks */ = {
			isa = PBXFrameworksBuildPhase;
			buildActionMask = 2147483647;
			files = (
				BE73809F532376BC7496309B /* Pods_AliasTests.framework in Frameworks */,
			);
			runOnlyForDeploymentPostprocessing = 0;
		};
		E3B4D2EC281EB29E0042AF06 /* Frameworks */ = {
			isa = PBXFrameworksBuildPhase;
			buildActionMask = 2147483647;
			files = (
				AE4CB4077AF59CCD1906D4B8 /* Pods_Alias.framework in Frameworks */,
			);
			runOnlyForDeploymentPostprocessing = 0;
		};
/* End PBXFrameworksBuildPhase section */

/* Begin PBXGroup section */
		27341BD816545EDCC2AA9821 /* Frameworks */ = {
			isa = PBXGroup;
			children = (
				9FB0B5093EB43E6BE58FC4D8 /* Pods_Alias.framework */,
				403CE3B167E85EE967ED65F0 /* Pods_AliasTests.framework */,
			);
			name = Frameworks;
			sourceTree = "<group>";
		};
		2E709A2252143E68E7980C02 /* Pods */ = {
			isa = PBXGroup;
			children = (
				FE6FE7864ECC7F376416CF6A /* Pods-Alias.debug.xcconfig */,
				008110C5172B0102DB76738C /* Pods-Alias.release.xcconfig */,
				330BFDDCC89CD11AB216AD7C /* Pods-AliasTests.debug.xcconfig */,
				2D79AB5A4AA0750486168895 /* Pods-AliasTests.release.xcconfig */,
			);
			path = Pods;
			sourceTree = "<group>";
		};
		E378F40F2823DF070067342A /* Game */ = {
			isa = PBXGroup;
			children = (
				E3B4D30D281EBD4A0042AF06 /* GameViewController.swift */,
				E378F4122823E8ED0067342A /* TimerView.swift */,
				E378F4102823DF2D0067342A /* GameHeaderView.swift */,
				E378F414282402950067342A /* GameFooterView.swift */,
			);
			path = Game;
			sourceTree = "<group>";
		};
		E3A05A1B2821C11600855DFD /* AliasTests */ = {
			isa = PBXGroup;
			children = (
				E3A05A1C2821C11600855DFD /* AliasTests.swift */,
			);
			path = AliasTests;
			sourceTree = "<group>";
		};
		E3A05A232821C7A300855DFD /* Rules */ = {
			isa = PBXGroup;
			children = (
				E3B4D309281EBCC40042AF06 /* RulesViewController.swift */,
				A5101DF02821783500EDCB5F /* RuleTableViewCell.swift */,
			);
			path = Rules;
			sourceTree = "<group>";
		};
		E3A05A2A2821D94000855DFD /* GameResources */ = {
			isa = PBXGroup;
			children = (
				E3A05A262821C94800855DFD /* CategoriesData.swift */,
				E3A05A282821D93C00855DFD /* ActionsData.swift */,
			);
			path = GameResources;
			sourceTree = "<group>";
		};
		E3A05A2D2821DBA500855DFD /* Coordinator */ = {
			isa = PBXGroup;
			children = (
				E3A05A2B2821DBA100855DFD /* Coordinator.swift */,
				E3A05A302821DD2800855DFD /* MainCoordinator.swift */,
				E3FF9B85282303F6003FAA9E /* GameCoordinator.swift */,
				E3FF9B88282304CF003FAA9E /* PreparationsCoordinator.swift */,
				E3FF9B8A28230572003FAA9E /* RulesCoordinator.swift */,
			);
			path = Coordinator;
			sourceTree = "<group>";
		};
		E3A05A322821DF9100855DFD /* Menu */ = {
			isa = PBXGroup;
			children = (
				E3B4D307281EBB2A0042AF06 /* MenuViewController.swift */,
			);
			path = Menu;
			sourceTree = "<group>";
		};
		E3B4D2E6281EB29E0042AF06 = {
			isa = PBXGroup;
			children = (
				E3B4D2F1281EB29E0042AF06 /* Alias */,
				E3A05A1B2821C11600855DFD /* AliasTests */,
				E3B4D2F0281EB29E0042AF06 /* Products */,
				2E709A2252143E68E7980C02 /* Pods */,
				27341BD816545EDCC2AA9821 /* Frameworks */,
			);
			sourceTree = "<group>";
		};
		E3B4D2F0281EB29E0042AF06 /* Products */ = {
			isa = PBXGroup;
			children = (
				E3B4D2EF281EB29E0042AF06 /* Alias.app */,
				E3A05A1A2821C11600855DFD /* AliasTests.xctest */,
			);
			name = Products;
			sourceTree = "<group>";
		};
		E3B4D2F1281EB29E0042AF06 /* Alias */ = {
			isa = PBXGroup;
			children = (
				E3B4D31C281EC5A70042AF06 /* Application */,
				E3A05A2D2821DBA500855DFD /* Coordinator */,
				E3B4D34F281F54090042AF06 /* Helper */,
				E3B4D311281EBE1C0042AF06 /* Services */,
				E3B4D306281EBB120042AF06 /* ViewControllers */,
				E3B4D31D281EC5B10042AF06 /* Views */,
				E3B4D31E281EC5BE0042AF06 /* Resources */,
			);
			path = Alias;
			sourceTree = "<group>";
		};
		E3B4D306281EBB120042AF06 /* ViewControllers */ = {
			isa = PBXGroup;
			children = (
				E3B4D348281F332E0042AF06 /* Core */,
				E3A05A322821DF9100855DFD /* Menu */,
				E3A05A232821C7A300855DFD /* Rules */,
				E3FF9B8728230480003FAA9E /* Preparations */,
				E3B4D349281F33720042AF06 /* Game */,
			);
			path = ViewControllers;
			sourceTree = "<group>";
		};
		E3B4D311281EBE1C0042AF06 /* Services */ = {
			isa = PBXGroup;
			children = (
				E3B4D314281EBFCF0042AF06 /* Joke */,
				E3B4D315281EBFD50042AF06 /* Game */,
			);
			path = Services;
			sourceTree = "<group>";
		};
		E3B4D314281EBFCF0042AF06 /* Joke */ = {
			isa = PBXGroup;
			children = (
				E3B4D30F281EBE190042AF06 /* JokeService.swift */,
			);
			path = Joke;
			sourceTree = "<group>";
		};
		E3B4D315281EBFD50042AF06 /* Game */ = {
			isa = PBXGroup;
			children = (
				E3B4D312281EBEAE0042AF06 /* GameService.swift */,
				6F88ED46282165760058EAD9 /* GameBrain.swift */,
			);
			path = Game;
			sourceTree = "<group>";
		};
		E3B4D31C281EC5A70042AF06 /* Application */ = {
			isa = PBXGroup;
			children = (
				E3B4D2F2281EB29E0042AF06 /* AppDelegate.swift */,
				E3B4D2F4281EB29E0042AF06 /* SceneDelegate.swift */,
			);
			path = Application;
			sourceTree = "<group>";
		};
		E3B4D31D281EC5B10042AF06 /* Views */ = {
			isa = PBXGroup;
			children = (
				E3B4D2FD281EB2A10042AF06 /* LaunchScreen.storyboard */,
			);
			path = Views;
			sourceTree = "<group>";
		};
		E3B4D31E281EC5BE0042AF06 /* Resources */ = {
			isa = PBXGroup;
			children = (
				E3B4D2FB281EB2A10042AF06 /* Assets.xcassets */,
				E3B4D300281EB2A10042AF06 /* Info.plist */,
				E3B4D337281F1AD80042AF06 /* Constants.swift */,
				E3A05A2A2821D94000855DFD /* GameResources */,
			);
			path = Resources;
			sourceTree = "<group>";
		};
		E3B4D348281F332E0042AF06 /* Core */ = {
			isa = PBXGroup;
			children = (
				E3B4D346281F332B0042AF06 /* NavigationController.swift */,
			);
			path = Core;
			sourceTree = "<group>";
		};
		E3B4D349281F33720042AF06 /* Game */ = {
			isa = PBXGroup;
			children = (
				E3B4D33F281F22CA0042AF06 /* NextRoundViewController.swift */,
				E378F40F2823DF070067342A /* Game */,
				E3B4D341281F23000042AF06 /* ResultsViewController.swift */,
				E3B4D343281F23060042AF06 /* WinnerViewController.swift */,
				E378F41628245E910067342A /* InitialGameViewController.swift */,
			);
			path = Game;
			sourceTree = "<group>";
		};
		E3B4D34F281F54090042AF06 /* Helper */ = {
			isa = PBXGroup;
			children = (
				E3FF9B922823235F003FAA9E /* VCProtocols.swift */,
				E3B4D350281F54100042AF06 /* Factory */,
			);
			path = Helper;
			sourceTree = "<group>";
		};
		E3B4D350281F54100042AF06 /* Factory */ = {
			isa = PBXGroup;
			children = (
				E3B4D34D281F54050042AF06 /* ComponentsFactory.swift */,
			);
			path = Factory;
			sourceTree = "<group>";
		};
		E3FF9B8728230480003FAA9E /* Preparations */ = {
			isa = PBXGroup;
			children = (
				E3B4D33D281F22B40042AF06 /* GameSettingsViewController.swift */,
				E3B4D30B281EBCEE0042AF06 /* CategoriesViewController.swift */,
				E3B4D33B281F229E0042AF06 /* TeamsViewController.swift */,
				A590534328243E1800B010AE /* CategoryTableViewCell.swift */,
			);
			path = Preparations;
			sourceTree = "<group>";
		};
/* End PBXGroup section */

/* Begin PBXNativeTarget section */
		E3A05A192821C11600855DFD /* AliasTests */ = {
			isa = PBXNativeTarget;
			buildConfigurationList = E3A05A222821C11600855DFD /* Build configuration list for PBXNativeTarget "AliasTests" */;
			buildPhases = (
				C9876A9785778437800C2EFE /* [CP] Check Pods Manifest.lock */,
				E3A05A162821C11600855DFD /* Sources */,
				E3A05A172821C11600855DFD /* Frameworks */,
				E3A05A182821C11600855DFD /* Resources */,
			);
			buildRules = (
			);
			dependencies = (
				E3A05A1F2821C11600855DFD /* PBXTargetDependency */,
			);
			name = AliasTests;
			productName = AliasTests;
			productReference = E3A05A1A2821C11600855DFD /* AliasTests.xctest */;
			productType = "com.apple.product-type.bundle.unit-test";
		};
		E3B4D2EE281EB29E0042AF06 /* Alias */ = {
			isa = PBXNativeTarget;
			buildConfigurationList = E3B4D303281EB2A10042AF06 /* Build configuration list for PBXNativeTarget "Alias" */;
			buildPhases = (
				8E233807A3006826AF1C94EC /* [CP] Check Pods Manifest.lock */,
				E3B4D2EB281EB29E0042AF06 /* Sources */,
				E3B4D2EC281EB29E0042AF06 /* Frameworks */,
				E3B4D2ED281EB29E0042AF06 /* Resources */,
				95CA1A5BA3308AB510678D3D /* [CP] Embed Pods Frameworks */,
			);
			buildRules = (
			);
			dependencies = (
			);
			name = Alias;
			productName = Alias;
			productReference = E3B4D2EF281EB29E0042AF06 /* Alias.app */;
			productType = "com.apple.product-type.application";
		};
/* End PBXNativeTarget section */

/* Begin PBXProject section */
		E3B4D2E7281EB29E0042AF06 /* Project object */ = {
			isa = PBXProject;
			attributes = {
				BuildIndependentTargetsInParallel = 1;
				LastSwiftUpdateCheck = 1320;
				LastUpgradeCheck = 1320;
				TargetAttributes = {
					E3A05A192821C11600855DFD = {
						CreatedOnToolsVersion = 13.2.1;
						TestTargetID = E3B4D2EE281EB29E0042AF06;
					};
					E3B4D2EE281EB29E0042AF06 = {
						CreatedOnToolsVersion = 13.2.1;
					};
				};
			};
			buildConfigurationList = E3B4D2EA281EB29E0042AF06 /* Build configuration list for PBXProject "Alias" */;
			compatibilityVersion = "Xcode 13.0";
			developmentRegion = en;
			hasScannedForEncodings = 0;
			knownRegions = (
				en,
				Base,
			);
			mainGroup = E3B4D2E6281EB29E0042AF06;
			productRefGroup = E3B4D2F0281EB29E0042AF06 /* Products */;
			projectDirPath = "";
			projectRoot = "";
			targets = (
				E3B4D2EE281EB29E0042AF06 /* Alias */,
				E3A05A192821C11600855DFD /* AliasTests */,
			);
		};
/* End PBXProject section */

/* Begin PBXResourcesBuildPhase section */
		E3A05A182821C11600855DFD /* Resources */ = {
			isa = PBXResourcesBuildPhase;
			buildActionMask = 2147483647;
			files = (
			);
			runOnlyForDeploymentPostprocessing = 0;
		};
		E3B4D2ED281EB29E0042AF06 /* Resources */ = {
			isa = PBXResourcesBuildPhase;
			buildActionMask = 2147483647;
			files = (
				E3B4D2FF281EB2A10042AF06 /* LaunchScreen.storyboard in Resources */,
				E3B4D2FC281EB2A10042AF06 /* Assets.xcassets in Resources */,
			);
			runOnlyForDeploymentPostprocessing = 0;
		};
/* End PBXResourcesBuildPhase section */

/* Begin PBXShellScriptBuildPhase section */
		8E233807A3006826AF1C94EC /* [CP] Check Pods Manifest.lock */ = {
			isa = PBXShellScriptBuildPhase;
			buildActionMask = 2147483647;
			files = (
			);
			inputFileListPaths = (
			);
			inputPaths = (
				"${PODS_PODFILE_DIR_PATH}/Podfile.lock",
				"${PODS_ROOT}/Manifest.lock",
			);
			name = "[CP] Check Pods Manifest.lock";
			outputFileListPaths = (
			);
			outputPaths = (
				"$(DERIVED_FILE_DIR)/Pods-Alias-checkManifestLockResult.txt",
			);
			runOnlyForDeploymentPostprocessing = 0;
			shellPath = /bin/sh;
			shellScript = "diff \"${PODS_PODFILE_DIR_PATH}/Podfile.lock\" \"${PODS_ROOT}/Manifest.lock\" > /dev/null\nif [ $? != 0 ] ; then\n    # print error to STDERR\n    echo \"error: The sandbox is not in sync with the Podfile.lock. Run 'pod install' or update your CocoaPods installation.\" >&2\n    exit 1\nfi\n# This output is used by Xcode 'outputs' to avoid re-running this script phase.\necho \"SUCCESS\" > \"${SCRIPT_OUTPUT_FILE_0}\"\n";
			showEnvVarsInLog = 0;
		};
		95CA1A5BA3308AB510678D3D /* [CP] Embed Pods Frameworks */ = {
			isa = PBXShellScriptBuildPhase;
			buildActionMask = 2147483647;
			files = (
			);
			inputFileListPaths = (
				"${PODS_ROOT}/Target Support Files/Pods-Alias/Pods-Alias-frameworks-${CONFIGURATION}-input-files.xcfilelist",
			);
			name = "[CP] Embed Pods Frameworks";
			outputFileListPaths = (
				"${PODS_ROOT}/Target Support Files/Pods-Alias/Pods-Alias-frameworks-${CONFIGURATION}-output-files.xcfilelist",
			);
			runOnlyForDeploymentPostprocessing = 0;
			shellPath = /bin/sh;
			shellScript = "\"${PODS_ROOT}/Target Support Files/Pods-Alias/Pods-Alias-frameworks.sh\"\n";
			showEnvVarsInLog = 0;
		};
		C9876A9785778437800C2EFE /* [CP] Check Pods Manifest.lock */ = {
			isa = PBXShellScriptBuildPhase;
			buildActionMask = 2147483647;
			files = (
			);
			inputFileListPaths = (
			);
			inputPaths = (
				"${PODS_PODFILE_DIR_PATH}/Podfile.lock",
				"${PODS_ROOT}/Manifest.lock",
			);
			name = "[CP] Check Pods Manifest.lock";
			outputFileListPaths = (
			);
			outputPaths = (
				"$(DERIVED_FILE_DIR)/Pods-AliasTests-checkManifestLockResult.txt",
			);
			runOnlyForDeploymentPostprocessing = 0;
			shellPath = /bin/sh;
			shellScript = "diff \"${PODS_PODFILE_DIR_PATH}/Podfile.lock\" \"${PODS_ROOT}/Manifest.lock\" > /dev/null\nif [ $? != 0 ] ; then\n    # print error to STDERR\n    echo \"error: The sandbox is not in sync with the Podfile.lock. Run 'pod install' or update your CocoaPods installation.\" >&2\n    exit 1\nfi\n# This output is used by Xcode 'outputs' to avoid re-running this script phase.\necho \"SUCCESS\" > \"${SCRIPT_OUTPUT_FILE_0}\"\n";
			showEnvVarsInLog = 0;
		};
/* End PBXShellScriptBuildPhase section */

/* Begin PBXSourcesBuildPhase section */
		E3A05A162821C11600855DFD /* Sources */ = {
			isa = PBXSourcesBuildPhase;
			buildActionMask = 2147483647;
			files = (
				E3A05A1D2821C11600855DFD /* AliasTests.swift in Sources */,
			);
			runOnlyForDeploymentPostprocessing = 0;
		};
		E3B4D2EB281EB29E0042AF06 /* Sources */ = {
			isa = PBXSourcesBuildPhase;
			buildActionMask = 2147483647;
			files = (
				E3B4D34E281F54050042AF06 /* ComponentsFactory.swift in Sources */,
				E3A05A312821DD2800855DFD /* MainCoordinator.swift in Sources */,
				6F88ED47282165760058EAD9 /* GameBrain.swift in Sources */,
				E3FF9B86282303F6003FAA9E /* GameCoordinator.swift in Sources */,
				E3B4D30E281EBD4A0042AF06 /* GameViewController.swift in Sources */,
				E3B4D308281EBB2A0042AF06 /* MenuViewController.swift in Sources */,
				E3B4D340281F22CA0042AF06 /* NextRoundViewController.swift in Sources */,
				E378F4132823E8ED0067342A /* TimerView.swift in Sources */,
				E3B4D2F3281EB29E0042AF06 /* AppDelegate.swift in Sources */,
				E3B4D33C281F229E0042AF06 /* TeamsViewController.swift in Sources */,
				E3B4D30A281EBCC40042AF06 /* RulesViewController.swift in Sources */,
				E3B4D310281EBE190042AF06 /* JokeService.swift in Sources */,
				E3A05A2C2821DBA100855DFD /* Coordinator.swift in Sources */,
				E3B4D347281F332B0042AF06 /* NavigationController.swift in Sources */,
				E3B4D2F5281EB29E0042AF06 /* SceneDelegate.swift in Sources */,
				A5101DF12821783500EDCB5F /* RuleTableViewCell.swift in Sources */,
				E3A05A272821C94800855DFD /* CategoriesData.swift in Sources */,
				E3B4D30C281EBCEE0042AF06 /* CategoriesViewController.swift in Sources */,
				E3B4D33E281F22B40042AF06 /* GameSettingsViewController.swift in Sources */,
				E3FF9B89282304CF003FAA9E /* PreparationsCoordinator.swift in Sources */,
				E3B4D342281F23000042AF06 /* ResultsViewController.swift in Sources */,
				E3FF9B932823235F003FAA9E /* VCProtocols.swift in Sources */,
				E3B4D344281F23060042AF06 /* WinnerViewController.swift in Sources */,
				E3FF9B8B28230572003FAA9E /* RulesCoordinator.swift in Sources */,
				E3B4D313281EBEAE0042AF06 /* GameService.swift in Sources */,
				E378F4112823DF2D0067342A /* GameHeaderView.swift in Sources */,
				6F88ED4328211EE80058EAD9 /* (null) in Sources */,
				A590534428243E1800B010AE /* CategoryTableViewCell.swift in Sources */,
				E3A05A292821D93C00855DFD /* ActionsData.swift in Sources */,
				E378F41728245E920067342A /* InitialGameViewController.swift in Sources */,
				E3B4D338281F1AD80042AF06 /* Constants.swift in Sources */,
				E378F415282402950067342A /* GameFooterView.swift in Sources */,
			);
			runOnlyForDeploymentPostprocessing = 0;
		};
/* End PBXSourcesBuildPhase section */

/* Begin PBXTargetDependency section */
		E3A05A1F2821C11600855DFD /* PBXTargetDependency */ = {
			isa = PBXTargetDependency;
			target = E3B4D2EE281EB29E0042AF06 /* Alias */;
			targetProxy = E3A05A1E2821C11600855DFD /* PBXContainerItemProxy */;
		};
/* End PBXTargetDependency section */

/* Begin PBXVariantGroup section */
		E3B4D2FD281EB2A10042AF06 /* LaunchScreen.storyboard */ = {
			isa = PBXVariantGroup;
			children = (
				E3B4D2FE281EB2A10042AF06 /* Base */,
			);
			name = LaunchScreen.storyboard;
			sourceTree = "<group>";
		};
/* End PBXVariantGroup section */

/* Begin XCBuildConfiguration section */
		E3A05A202821C11600855DFD /* Debug */ = {
			isa = XCBuildConfiguration;
			baseConfigurationReference = 330BFDDCC89CD11AB216AD7C /* Pods-AliasTests.debug.xcconfig */;
			buildSettings = {
				BUNDLE_LOADER = "$(TEST_HOST)";
				CODE_SIGN_STYLE = Automatic;
				CURRENT_PROJECT_VERSION = 1;
				DEVELOPMENT_TEAM = GW7LHNH94F;
				GENERATE_INFOPLIST_FILE = YES;
				MARKETING_VERSION = 1.0;
				PRODUCT_BUNDLE_IDENTIFIER = ViktorRubenko.AliasTests;
				PRODUCT_NAME = "$(TARGET_NAME)";
				SWIFT_EMIT_LOC_STRINGS = NO;
				SWIFT_VERSION = 5.0;
				TARGETED_DEVICE_FAMILY = "1,2";
				TEST_HOST = "$(BUILT_PRODUCTS_DIR)/Alias.app/Alias";
			};
			name = Debug;
		};
		E3A05A212821C11600855DFD /* Release */ = {
			isa = XCBuildConfiguration;
			baseConfigurationReference = 2D79AB5A4AA0750486168895 /* Pods-AliasTests.release.xcconfig */;
			buildSettings = {
				BUNDLE_LOADER = "$(TEST_HOST)";
				CODE_SIGN_STYLE = Automatic;
				CURRENT_PROJECT_VERSION = 1;
				DEVELOPMENT_TEAM = GW7LHNH94F;
				GENERATE_INFOPLIST_FILE = YES;
				MARKETING_VERSION = 1.0;
				PRODUCT_BUNDLE_IDENTIFIER = ViktorRubenko.AliasTests;
				PRODUCT_NAME = "$(TARGET_NAME)";
				SWIFT_EMIT_LOC_STRINGS = NO;
				SWIFT_VERSION = 5.0;
				TARGETED_DEVICE_FAMILY = "1,2";
				TEST_HOST = "$(BUILT_PRODUCTS_DIR)/Alias.app/Alias";
			};
			name = Release;
		};
		E3B4D301281EB2A10042AF06 /* Debug */ = {
			isa = XCBuildConfiguration;
			buildSettings = {
				ALWAYS_SEARCH_USER_PATHS = NO;
				CLANG_ANALYZER_NONNULL = YES;
				CLANG_ANALYZER_NUMBER_OBJECT_CONVERSION = YES_AGGRESSIVE;
				CLANG_CXX_LANGUAGE_STANDARD = "gnu++17";
				CLANG_CXX_LIBRARY = "libc++";
				CLANG_ENABLE_MODULES = YES;
				CLANG_ENABLE_OBJC_ARC = YES;
				CLANG_ENABLE_OBJC_WEAK = YES;
				CLANG_WARN_BLOCK_CAPTURE_AUTORELEASING = YES;
				CLANG_WARN_BOOL_CONVERSION = YES;
				CLANG_WARN_COMMA = YES;
				CLANG_WARN_CONSTANT_CONVERSION = YES;
				CLANG_WARN_DEPRECATED_OBJC_IMPLEMENTATIONS = YES;
				CLANG_WARN_DIRECT_OBJC_ISA_USAGE = YES_ERROR;
				CLANG_WARN_DOCUMENTATION_COMMENTS = YES;
				CLANG_WARN_EMPTY_BODY = YES;
				CLANG_WARN_ENUM_CONVERSION = YES;
				CLANG_WARN_INFINITE_RECURSION = YES;
				CLANG_WARN_INT_CONVERSION = YES;
				CLANG_WARN_NON_LITERAL_NULL_CONVERSION = YES;
				CLANG_WARN_OBJC_IMPLICIT_RETAIN_SELF = YES;
				CLANG_WARN_OBJC_LITERAL_CONVERSION = YES;
				CLANG_WARN_OBJC_ROOT_CLASS = YES_ERROR;
				CLANG_WARN_QUOTED_INCLUDE_IN_FRAMEWORK_HEADER = YES;
				CLANG_WARN_RANGE_LOOP_ANALYSIS = YES;
				CLANG_WARN_STRICT_PROTOTYPES = YES;
				CLANG_WARN_SUSPICIOUS_MOVE = YES;
				CLANG_WARN_UNGUARDED_AVAILABILITY = YES_AGGRESSIVE;
				CLANG_WARN_UNREACHABLE_CODE = YES;
				CLANG_WARN__DUPLICATE_METHOD_MATCH = YES;
				COPY_PHASE_STRIP = NO;
				DEBUG_INFORMATION_FORMAT = dwarf;
				ENABLE_STRICT_OBJC_MSGSEND = YES;
				ENABLE_TESTABILITY = YES;
				GCC_C_LANGUAGE_STANDARD = gnu11;
				GCC_DYNAMIC_NO_PIC = NO;
				GCC_NO_COMMON_BLOCKS = YES;
				GCC_OPTIMIZATION_LEVEL = 0;
				GCC_PREPROCESSOR_DEFINITIONS = (
					"DEBUG=1",
					"$(inherited)",
				);
				GCC_WARN_64_TO_32_BIT_CONVERSION = YES;
				GCC_WARN_ABOUT_RETURN_TYPE = YES_ERROR;
				GCC_WARN_UNDECLARED_SELECTOR = YES;
				GCC_WARN_UNINITIALIZED_AUTOS = YES_AGGRESSIVE;
				GCC_WARN_UNUSED_FUNCTION = YES;
				GCC_WARN_UNUSED_VARIABLE = YES;
				IPHONEOS_DEPLOYMENT_TARGET = 15.2;
				MTL_ENABLE_DEBUG_INFO = INCLUDE_SOURCE;
				MTL_FAST_MATH = YES;
				ONLY_ACTIVE_ARCH = YES;
				SDKROOT = iphoneos;
				SWIFT_ACTIVE_COMPILATION_CONDITIONS = DEBUG;
				SWIFT_OPTIMIZATION_LEVEL = "-Onone";
			};
			name = Debug;
		};
		E3B4D302281EB2A10042AF06 /* Release */ = {
			isa = XCBuildConfiguration;
			buildSettings = {
				ALWAYS_SEARCH_USER_PATHS = NO;
				CLANG_ANALYZER_NONNULL = YES;
				CLANG_ANALYZER_NUMBER_OBJECT_CONVERSION = YES_AGGRESSIVE;
				CLANG_CXX_LANGUAGE_STANDARD = "gnu++17";
				CLANG_CXX_LIBRARY = "libc++";
				CLANG_ENABLE_MODULES = YES;
				CLANG_ENABLE_OBJC_ARC = YES;
				CLANG_ENABLE_OBJC_WEAK = YES;
				CLANG_WARN_BLOCK_CAPTURE_AUTORELEASING = YES;
				CLANG_WARN_BOOL_CONVERSION = YES;
				CLANG_WARN_COMMA = YES;
				CLANG_WARN_CONSTANT_CONVERSION = YES;
				CLANG_WARN_DEPRECATED_OBJC_IMPLEMENTATIONS = YES;
				CLANG_WARN_DIRECT_OBJC_ISA_USAGE = YES_ERROR;
				CLANG_WARN_DOCUMENTATION_COMMENTS = YES;
				CLANG_WARN_EMPTY_BODY = YES;
				CLANG_WARN_ENUM_CONVERSION = YES;
				CLANG_WARN_INFINITE_RECURSION = YES;
				CLANG_WARN_INT_CONVERSION = YES;
				CLANG_WARN_NON_LITERAL_NULL_CONVERSION = YES;
				CLANG_WARN_OBJC_IMPLICIT_RETAIN_SELF = YES;
				CLANG_WARN_OBJC_LITERAL_CONVERSION = YES;
				CLANG_WARN_OBJC_ROOT_CLASS = YES_ERROR;
				CLANG_WARN_QUOTED_INCLUDE_IN_FRAMEWORK_HEADER = YES;
				CLANG_WARN_RANGE_LOOP_ANALYSIS = YES;
				CLANG_WARN_STRICT_PROTOTYPES = YES;
				CLANG_WARN_SUSPICIOUS_MOVE = YES;
				CLANG_WARN_UNGUARDED_AVAILABILITY = YES_AGGRESSIVE;
				CLANG_WARN_UNREACHABLE_CODE = YES;
				CLANG_WARN__DUPLICATE_METHOD_MATCH = YES;
				COPY_PHASE_STRIP = NO;
				DEBUG_INFORMATION_FORMAT = "dwarf-with-dsym";
				ENABLE_NS_ASSERTIONS = NO;
				ENABLE_STRICT_OBJC_MSGSEND = YES;
				GCC_C_LANGUAGE_STANDARD = gnu11;
				GCC_NO_COMMON_BLOCKS = YES;
				GCC_WARN_64_TO_32_BIT_CONVERSION = YES;
				GCC_WARN_ABOUT_RETURN_TYPE = YES_ERROR;
				GCC_WARN_UNDECLARED_SELECTOR = YES;
				GCC_WARN_UNINITIALIZED_AUTOS = YES_AGGRESSIVE;
				GCC_WARN_UNUSED_FUNCTION = YES;
				GCC_WARN_UNUSED_VARIABLE = YES;
				IPHONEOS_DEPLOYMENT_TARGET = 15.2;
				MTL_ENABLE_DEBUG_INFO = NO;
				MTL_FAST_MATH = YES;
				SDKROOT = iphoneos;
				SWIFT_COMPILATION_MODE = wholemodule;
				SWIFT_OPTIMIZATION_LEVEL = "-O";
				VALIDATE_PRODUCT = YES;
			};
			name = Release;
		};
		E3B4D304281EB2A10042AF06 /* Debug */ = {
			isa = XCBuildConfiguration;
			baseConfigurationReference = FE6FE7864ECC7F376416CF6A /* Pods-Alias.debug.xcconfig */;
			buildSettings = {
				ASSETCATALOG_COMPILER_APPICON_NAME = AppIcon;
				ASSETCATALOG_COMPILER_GLOBAL_ACCENT_COLOR_NAME = AccentColor;
				CODE_SIGN_STYLE = Automatic;
				CURRENT_PROJECT_VERSION = 1;
				DEVELOPMENT_TEAM = GW7LHNH94F;
				GENERATE_INFOPLIST_FILE = YES;
				INFOPLIST_FILE = Alias/Resources/Info.plist;
				INFOPLIST_KEY_UIApplicationSupportsIndirectInputEvents = YES;
				INFOPLIST_KEY_UILaunchStoryboardName = LaunchScreen;
				INFOPLIST_KEY_UISupportedInterfaceOrientations = UIInterfaceOrientationPortrait;
				INFOPLIST_KEY_UISupportedInterfaceOrientations_iPad = "UIInterfaceOrientationPortrait UIInterfaceOrientationPortraitUpsideDown UIInterfaceOrientationLandscapeLeft UIInterfaceOrientationLandscapeRight";
				INFOPLIST_KEY_UISupportedInterfaceOrientations_iPhone = "UIInterfaceOrientationPortrait UIInterfaceOrientationLandscapeLeft UIInterfaceOrientationLandscapeRight";
				LD_RUNPATH_SEARCH_PATHS = (
					"$(inherited)",
					"@executable_path/Frameworks",
				);
				MARKETING_VERSION = 1.0;
				PRODUCT_BUNDLE_IDENTIFIER = ViktorRubenko.Alias;
				PRODUCT_NAME = "$(TARGET_NAME)";
				SWIFT_EMIT_LOC_STRINGS = YES;
				SWIFT_VERSION = 5.0;
				TARGETED_DEVICE_FAMILY = 1;
			};
			name = Debug;
		};
		E3B4D305281EB2A10042AF06 /* Release */ = {
			isa = XCBuildConfiguration;
			baseConfigurationReference = 008110C5172B0102DB76738C /* Pods-Alias.release.xcconfig */;
			buildSettings = {
				ASSETCATALOG_COMPILER_APPICON_NAME = AppIcon;
				ASSETCATALOG_COMPILER_GLOBAL_ACCENT_COLOR_NAME = AccentColor;
				CODE_SIGN_STYLE = Automatic;
				CURRENT_PROJECT_VERSION = 1;
				DEVELOPMENT_TEAM = GW7LHNH94F;
				GENERATE_INFOPLIST_FILE = YES;
				INFOPLIST_FILE = Alias/Resources/Info.plist;
				INFOPLIST_KEY_UIApplicationSupportsIndirectInputEvents = YES;
				INFOPLIST_KEY_UILaunchStoryboardName = LaunchScreen;
				INFOPLIST_KEY_UISupportedInterfaceOrientations = UIInterfaceOrientationPortrait;
				INFOPLIST_KEY_UISupportedInterfaceOrientations_iPad = "UIInterfaceOrientationPortrait UIInterfaceOrientationPortraitUpsideDown UIInterfaceOrientationLandscapeLeft UIInterfaceOrientationLandscapeRight";
				INFOPLIST_KEY_UISupportedInterfaceOrientations_iPhone = "UIInterfaceOrientationPortrait UIInterfaceOrientationLandscapeLeft UIInterfaceOrientationLandscapeRight";
				LD_RUNPATH_SEARCH_PATHS = (
					"$(inherited)",
					"@executable_path/Frameworks",
				);
				MARKETING_VERSION = 1.0;
				PRODUCT_BUNDLE_IDENTIFIER = ViktorRubenko.Alias;
				PRODUCT_NAME = "$(TARGET_NAME)";
				SWIFT_EMIT_LOC_STRINGS = YES;
				SWIFT_VERSION = 5.0;
				TARGETED_DEVICE_FAMILY = 1;
			};
			name = Release;
		};
/* End XCBuildConfiguration section */

/* Begin XCConfigurationList section */
		E3A05A222821C11600855DFD /* Build configuration list for PBXNativeTarget "AliasTests" */ = {
			isa = XCConfigurationList;
			buildConfigurations = (
				E3A05A202821C11600855DFD /* Debug */,
				E3A05A212821C11600855DFD /* Release */,
			);
			defaultConfigurationIsVisible = 0;
			defaultConfigurationName = Release;
		};
		E3B4D2EA281EB29E0042AF06 /* Build configuration list for PBXProject "Alias" */ = {
			isa = XCConfigurationList;
			buildConfigurations = (
				E3B4D301281EB2A10042AF06 /* Debug */,
				E3B4D302281EB2A10042AF06 /* Release */,
			);
			defaultConfigurationIsVisible = 0;
			defaultConfigurationName = Release;
		};
		E3B4D303281EB2A10042AF06 /* Build configuration list for PBXNativeTarget "Alias" */ = {
			isa = XCConfigurationList;
			buildConfigurations = (
				E3B4D304281EB2A10042AF06 /* Debug */,
				E3B4D305281EB2A10042AF06 /* Release */,
			);
			defaultConfigurationIsVisible = 0;
			defaultConfigurationName = Release;
		};
/* End XCConfigurationList section */
	};
	rootObject = E3B4D2E7281EB29E0042AF06 /* Project object */;
}
